
Microsoft Visual Studio Solution File, Format Version 12.00
# Visual Studio Version 17
VisualStudioVersion = 17.14.36414.22
MinimumVisualStudioVersion = 10.0.40219.1
Project("{FAE04EC0-301F-11D3-BF4B-00C04F79EFBC}") = "BT_ERP_DEMO", "BT_ERP_DEMO\BT_ERP_DEMO.csproj", "{07FF11B2-8407-4B0C-BD21-F09593B585DB}"
EndProject
Global
	GlobalSection(SolutionConfigurationPlatforms) = preSolution
		Debug|Any CPU = Debug|Any CPU
		Release|Any CPU = Release|Any CPU
	EndGlobalSection
	GlobalSection(ProjectConfigurationPlatforms) = postSolution
		{07FF11B2-8407-4B0C-BD21-F09593B585DB}.Debug|Any CPU.ActiveCfg = Debug|Any CPU
		{07FF11B2-8407-4B0C-BD21-F09593B585DB}.Debug|Any CPU.Build.0 = Debug|Any CPU
		{07FF11B2-8407-4B0C-BD21-F09593B585DB}.Release|Any CPU.ActiveCfg = Release|Any CPU
		{07FF11B2-8407-4B0C-BD21-F09593B585DB}.Release|Any CPU.Build.0 = Release|Any CPU
	EndGlobalSection
	GlobalSection(SolutionProperties) = preSolution
		HideSolutionNode = FALSE
	EndGlobalSection
	GlobalSection(ExtensibilityGlobals) = postSolution
		SolutionGuid = {894D7A20-8925-4016-A4EB-BAE9C3C13381}
	EndGlobalSection
EndGlobal
